
Microsoft Visual Studio Solution File, Format Version 12.00
# Visual Studio Version 17
VisualStudioVersion = 17.14.37314.3
MinimumVisualStudioVersion = 10.0.40219.1
Project("{FAE04EC0-301F-11D3-BF4B-00C04F79EFBC}") = "Booking.WebApi", "Booking.WebApi\Booking.WebApi.csproj", "{B4426D55-FF90-4988-BB4C-E56DDC36E43A}"
EndProject
Project("{FAE04EC0-301F-11D3-BF4B-00C04F79EFBC}") = "Booking.Service", "Booking.Service\Booking.Service.csproj", "{7630D908-BB8B-4EC8-9BBD-4CA257708B69}"
EndProject
Project("{FAE04EC0-301F-11D3-BF4B-00C04F79EFBC}") = "Booking.Repository", "Booking.Repository\Booking.Repository.csproj", "{AD870B23-E802-4C29-A09C-13F837664D52}"
EndProject
Project("{FAE04EC0-301F-11D3-BF4B-00C04F79EFBC}") = "Booking.Models", "Booking.Models\Booking.Models.csproj", "{3B0CE6E5-31F8-4249-BA56-890A417B506B}"
EndProject
Project("{FAE04EC0-301F-11D3-BF4B-00C04F79EFBC}") = "BookingService.Common", "BookingService.Common\BookingService.Common.csproj", "{D49E9909-7615-4C7D-9C98-455C6E9034CE}"
EndProject
Project("{FAE04EC0-301F-11D3-BF4B-00C04F79EFBC}") = "BookingRepository.Common", "BookingRepository.Common\BookingRepository.Common.csproj", "{E4C824C5-2907-46FB-89A4-C3FA49F410D9}"
EndProject
Project("{FAE04EC0-301F-11D3-BF4B-00C04F79EFBC}") = "BookingCommon", "BookingCommon\BookingCommon.csproj", "{D1DAC45D-DDC9-4C17-A948-539444D2923C}"
EndProject
Global
	GlobalSection(SolutionConfigurationPlatforms) = preSolution
		Debug|Any CPU = Debug|Any CPU
		Release|Any CPU = Release|Any CPU
	EndGlobalSection
	GlobalSection(ProjectConfigurationPlatforms) = postSolution
		{B4426D55-FF90-4988-BB4C-E56DDC36E43A}.Debug|Any CPU.ActiveCfg = Debug|Any CPU
		{B4426D55-FF90-4988-BB4C-E56DDC36E43A}.Debug|Any CPU.Build.0 = Debug|Any CPU
		{B4426D55-FF90-4988-BB4C-E56DDC36E43A}.Release|Any CPU.ActiveCfg = Release|Any CPU
		{B4426D55-FF90-4988-BB4C-E56DDC36E43A}.Release|Any CPU.Build.0 = Release|Any CPU
		{7630D908-BB8B-4EC8-9BBD-4CA257708B69}.Debug|Any CPU.ActiveCfg = Debug|Any CPU
		{7630D908-BB8B-4EC8-9BBD-4CA257708B69}.Debug|Any CPU.Build.0 = Debug|Any CPU
		{7630D908-BB8B-4EC8-9BBD-4CA257708B69}.Release|Any CPU.ActiveCfg = Release|Any CPU
		{7630D908-BB8B-4EC8-9BBD-4CA257708B69}.Release|Any CPU.Build.0 = Release|Any CPU
		{AD870B23-E802-4C29-A09C-13F837664D52}.Debug|Any CPU.ActiveCfg = Debug|Any CPU
		{AD870B23-E802-4C29-A09C-13F837664D52}.Debug|Any CPU.Build.0 = Debug|Any CPU
		{AD870B23-E802-4C29-A09C-13F837664D52}.Release|Any CPU.ActiveCfg = Release|Any CPU
		{AD870B23-E802-4C29-A09C-13F837664D52}.Release|Any CPU.Build.0 = Release|Any CPU
		{3B0CE6E5-31F8-4249-BA56-890A417B506B}.Debug|Any CPU.ActiveCfg = Debug|Any CPU
		{3B0CE6E5-31F8-4249-BA56-890A417B506B}.Debug|Any CPU.Build.0 = Debug|Any CPU
		{3B0CE6E5-31F8-4249-BA56-890A417B506B}.Release|Any CPU.ActiveCfg = Release|Any CPU
		{3B0CE6E5-31F8-4249-BA56-890A417B506B}.Release|Any CPU.Build.0 = Release|Any CPU
		{D49E9909-7615-4C7D-9C98-455C6E9034CE}.Debug|Any CPU.ActiveCfg = Debug|Any CPU
		{D49E9909-7615-4C7D-9C98-455C6E9034CE}.Debug|Any CPU.Build.0 = Debug|Any CPU
		{D49E9909-7615-4C7D-9C98-455C6E9034CE}.Release|Any CPU.ActiveCfg = Release|Any CPU
		{D49E9909-7615-4C7D-9C98-455C6E9034CE}.Release|Any CPU.Build.0 = Release|Any CPU
		{E4C824C5-2907-46FB-89A4-C3FA49F410D9}.Debug|Any CPU.ActiveCfg = Debug|Any CPU
		{E4C824C5-2907-46FB-89A4-C3FA49F410D9}.Debug|Any CPU.Build.0 = Debug|Any CPU
		{E4C824C5-2907-46FB-89A4-C3FA49F410D9}.Release|Any CPU.ActiveCfg = Release|Any CPU
		{E4C824C5-2907-46FB-89A4-C3FA49F410D9}.Release|Any CPU.Build.0 = Release|Any CPU
		{D1DAC45D-DDC9-4C17-A948-539444D2923C}.Debug|Any CPU.ActiveCfg = Debug|Any CPU
		{D1DAC45D-DDC9-4C17-A948-539444D2923C}.Debug|Any CPU.Build.0 = Debug|Any CPU
		{D1DAC45D-DDC9-4C17-A948-539444D2923C}.Release|Any CPU.ActiveCfg = Release|Any CPU
		{D1DAC45D-DDC9-4C17-A948-539444D2923C}.Release|Any CPU.Build.0 = Release|Any CPU
	EndGlobalSection
	GlobalSection(SolutionProperties) = preSolution
		HideSolutionNode = FALSE
	EndGlobalSection
	GlobalSection(ExtensibilityGlobals) = postSolution
		SolutionGuid = {22A5FB40-8C4A-4817-B6A0-733CE76BD677}
	EndGlobalSection
EndGlobal
